dependencies:
- name: telemetruum-hub
  repository: oci://harbor.res.eng.it/icos/helm
  version: 0.6.4
- name: telemetruum-gateway
  repository: oci://harbor.res.eng.it/icos/helm
  version: 0.3.1
- name: telemetruum-leaf
  repository: oci://harbor.res.eng.it/icos/helm
  version: 0.17.1
- name: icos-metrics-export
  repository: oci://harbor.res.eng.it/icos/helm
  version: 3.2.6
- name: dynamic-policy-manager
  repository: oci://harbor.res.eng.it/icos/helm
  version: 0.3.2
- name: job-manager
  repository: ""
  version: 0.4.0
- name: shell-backend
  repository: ""
  version: 0.2.1
- name: intelligence-coordination
  repository: ""
  version: 0.2.0
- name: aggregator
  repository: oci://harbor.res.eng.it/icos/helm
  version: 1.6.1
- name: security-coordination-module
  repository: ""
  version: 0.2.0
- name: security-lomos-api2
  repository: ""
  version: 0.1.0
- name: matchmaker
  repository: oci://harbor.res.eng.it/icos/helm
  version: 0.4.0
- name: dataclay
  repository: oci://harbor.res.eng.it/icos/helm
  version: 0.1.5
- name: icos-ingress-controller
  repository: oci://harbor.res.eng.it/icos/helm
  version: 0.1.1
digest: sha256:676225beb9574fc02079e9ed82b0bd155c8c634ea3a8572e762eaea7a7fb4003
generated: "2025-04-28T17:09:49.425694428+02:00"
